
Microsoft Visual Studio Solution File, Format Version 10.00
# Visual Studio 2008
Project("{8BC9CEB8-8B4A-11D0-8D11-00A0C91BC942}") = "Gyuele", "Gyuele\Gyuele.vcproj", "{5ED8D198-E609-4BAC-B51E-52E39F06CEA1}"
EndProject
Global
	GlobalSection(SolutionConfigurationPlatforms) = preSolution
		Debug|Win32 = Debug|Win32
		Release|Win32 = Release|Win32
	EndGlobalSection
	GlobalSection(ProjectConfigurationPlatforms) = postSolution
		{5ED8D198-E609-4BAC-B51E-52E39F06CEA1}.Debug|Win32.ActiveCfg = Debug|Win32
		{5ED8D198-E609-4BAC-B51E-52E39F06CEA1}.Debug|Win32.Build.0 = Debug|Win32
		{5ED8D198-E609-4BAC-B51E-52E39F06CEA1}.Release|Win32.ActiveCfg = Release|Win32
		{5ED8D198-E609-4BAC-B51E-52E39F06CEA1}.Release|Win32.Build.0 = Release|Win32
	EndGlobalSection
	GlobalSection(SolutionProperties) = preSolution
		HideSolutionNode = FALSE
	EndGlobalSection
EndGlobal
